
Microsoft Visual Studio Solution File, Format Version 12.00
# Visual Studio Version 16
VisualStudioVersion = 16.0.33214.272
MinimumVisualStudioVersion = 10.0.40219.1
Project("{FAE04EC0-301F-11D3-BF4B-00C04F79EFBC}") = "Mission6_nb348", "Mission6_nb348\Mission6_nb348.csproj", "{0A127197-EF05-4C91-8953-83319EB749DB}"
EndProject
Global
	GlobalSection(SolutionConfigurationPlatforms) = preSolution
		Debug|Any CPU = Debug|Any CPU
		Release|Any CPU = Release|Any CPU
	EndGlobalSection
	GlobalSection(ProjectConfigurationPlatforms) = postSolution
		{0A127197-EF05-4C91-8953-83319EB749DB}.Debug|Any CPU.ActiveCfg = Debug|Any CPU
		{0A127197-EF05-4C91-8953-83319EB749DB}.Debug|Any CPU.Build.0 = Debug|Any CPU
		{0A127197-EF05-4C91-8953-83319EB749DB}.Release|Any CPU.ActiveCfg = Release|Any CPU
		{0A127197-EF05-4C91-8953-83319EB749DB}.Release|Any CPU.Build.0 = Release|Any CPU
	EndGlobalSection
	GlobalSection(SolutionProperties) = preSolution
		HideSolutionNode = FALSE
	EndGlobalSection
	GlobalSection(ExtensibilityGlobals) = postSolution
		SolutionGuid = {C097EE5F-9C78-4D91-9A3B-A5F547CCC8F7}
	EndGlobalSection
EndGlobal
